
Microsoft Visual Studio Solution File, Format Version 12.00
# Visual Studio Version 16
VisualStudioVersion = 16.0.30413.136
MinimumVisualStudioVersion = 10.0.40219.1
Project("{FAE04EC0-301F-11D3-BF4B-00C04F79EFBC}") = "ListsAndFiles", "ListsAndFiles\ListsAndFiles.csproj", "{442E0FB1-E578-4E6D-A65D-BED843A4424A}"
EndProject
Project("{FAE04EC0-301F-11D3-BF4B-00C04F79EFBC}") = "List", "List\List.csproj", "{C7AD37A4-7311-4832-874E-1B728A352C41}"
EndProject
Project("{FAE04EC0-301F-11D3-BF4B-00C04F79EFBC}") = "Wishlist", "Wishlist\Wishlist.csproj", "{6F77D2A8-CA7A-4644-9166-A77E605CE93F}"
EndProject
Global
	GlobalSection(SolutionConfigurationPlatforms) = preSolution
		Debug|Any CPU = Debug|Any CPU
		Release|Any CPU = Release|Any CPU
	EndGlobalSection
	GlobalSection(ProjectConfigurationPlatforms) = postSolution
		{442E0FB1-E578-4E6D-A65D-BED843A4424A}.Debug|Any CPU.ActiveCfg = Debug|Any CPU
		{442E0FB1-E578-4E6D-A65D-BED843A4424A}.Debug|Any CPU.Build.0 = Debug|Any CPU
		{442E0FB1-E578-4E6D-A65D-BED843A4424A}.Release|Any CPU.ActiveCfg = Release|Any CPU
		{442E0FB1-E578-4E6D-A65D-BED843A4424A}.Release|Any CPU.Build.0 = Release|Any CPU
		{C7AD37A4-7311-4832-874E-1B728A352C41}.Debug|Any CPU.ActiveCfg = Debug|Any CPU
		{C7AD37A4-7311-4832-874E-1B728A352C41}.Debug|Any CPU.Build.0 = Debug|Any CPU
		{C7AD37A4-7311-4832-874E-1B728A352C41}.Release|Any CPU.ActiveCfg = Release|Any CPU
		{C7AD37A4-7311-4832-874E-1B728A352C41}.Release|Any CPU.Build.0 = Release|Any CPU
		{6F77D2A8-CA7A-4644-9166-A77E605CE93F}.Debug|Any CPU.ActiveCfg = Debug|Any CPU
		{6F77D2A8-CA7A-4644-9166-A77E605CE93F}.Debug|Any CPU.Build.0 = Debug|Any CPU
		{6F77D2A8-CA7A-4644-9166-A77E605CE93F}.Release|Any CPU.ActiveCfg = Release|Any CPU
		{6F77D2A8-CA7A-4644-9166-A77E605CE93F}.Release|Any CPU.Build.0 = Release|Any CPU
	EndGlobalSection
	GlobalSection(SolutionProperties) = preSolution
		HideSolutionNode = FALSE
	EndGlobalSection
	GlobalSection(ExtensibilityGlobals) = postSolution
		SolutionGuid = {7EAAB6B0-AFEA-4BBD-BE90-D4090A5C0796}
	EndGlobalSection
EndGlobal
